
Microsoft Visual Studio Solution File, Format Version 12.00
# Visual Studio Version 17
VisualStudioVersion = 17.7.34031.279
MinimumVisualStudioVersion = 10.0.40219.1
Project("{FAE04EC0-301F-11D3-BF4B-00C04F79EFBC}") = "Module15pr", "Module15pr\Module15pr.csproj", "{F9F17149-07E8-4A2B-9B0E-6011F80F6CE8}"
EndProject
Global
	GlobalSection(SolutionConfigurationPlatforms) = preSolution
		Debug|Any CPU = Debug|Any CPU
		Release|Any CPU = Release|Any CPU
	EndGlobalSection
	GlobalSection(ProjectConfigurationPlatforms) = postSolution
		{F9F17149-07E8-4A2B-9B0E-6011F80F6CE8}.Debug|Any CPU.ActiveCfg = Debug|Any CPU
		{F9F17149-07E8-4A2B-9B0E-6011F80F6CE8}.Debug|Any CPU.Build.0 = Debug|Any CPU
		{F9F17149-07E8-4A2B-9B0E-6011F80F6CE8}.Release|Any CPU.ActiveCfg = Release|Any CPU
		{F9F17149-07E8-4A2B-9B0E-6011F80F6CE8}.Release|Any CPU.Build.0 = Release|Any CPU
	EndGlobalSection
	GlobalSection(SolutionProperties) = preSolution
		HideSolutionNode = FALSE
	EndGlobalSection
	GlobalSection(ExtensibilityGlobals) = postSolution
		SolutionGuid = {8A8FEA22-D5C1-4341-8334-D39D98A13F87}
	EndGlobalSection
EndGlobal
